{
    "_meta": {
        "hash": {
            "sha256": "c720e3370c15446a3d042d5ff0e310dd806cfe8906935764e98911faa6c8f59f"
        },
        "pipfile-spec": 6,
        "requires": {
            "python_version": "3.8"
        },
        "sources": [
            {
                "name": "pypi",
                "url": "https://pypi.org/simple",
                "verify_ssl": true
            }
        ]
    },
    "default": {
        "amplify": {
            "hashes": [
                "sha256:159c8c75b949b0c80ab9e387bfecd549656797e310d0a175685a1033bd25d462",
                "sha256:24a9493b63e4e4788fb17770f9bc9f460ffbf7b537798d945650a828ee1ff595",
                "sha256:24f587719c50c131f51db65558b97e5d30fbc44776206283c30e4b27c962d1d6",
                "sha256:27fdadd0dc54e24a4d002b637a11e45c18d53b26be9cdce4b5fef455ac38aaf3",
                "sha256:3ab5fa2ea273a9d74f00f294f04e2d28e19c56940be0a447ce64d6cbf0ed000c",
                "sha256:5efa4c271f53a111cf0cc37fac53174df16fdaf4fe206b88fe290f91453e32a2",
                "sha256:932f031e4c9e78341f339bf7515de16483cb2dccba19cf6470ca146998b94fd1",
                "sha256:ee9d494249536c7741aff6d62a12addc6663ed91971770c13cfbdc5a16f7048f"
            ],
            "index": "pypi",
            "version": "==0.4.1"
        },
        "coloredlogs": {
            "hashes": [
                "sha256:5e78691e2673a8e294499e1832bb13efcfb44a86b92e18109fa18951093218ab",
                "sha256:b7f630a8297a66984b6bae0f6a1b0e0afb9f2f6838ea3bfa58f50d3d13e133d6"
            ],
            "index": "pypi",
            "version": "==15.0"
        },
        "humanfriendly": {
            "hashes": [
                "sha256:066562956639ab21ff2676d1fda0b5987e985c534fc76700a19bd54bcb81121d",
                "sha256:d5c731705114b9ad673754f3317d9fa4c23212f36b29bdc4272a892eafc9bc72"
            ],
            "markers": "python_version >= '2.7' and python_version not in '3.0, 3.1, 3.2, 3.3, 3.4'",
            "version": "==9.1"
        }
    },
    "develop": {}
}
